
Microsoft Visual Studio Solution File, Format Version 12.00
# Visual Studio Version 17
VisualStudioVersion = 17.2.32526.322
MinimumVisualStudioVersion = 10.0.40219.1
Project("{FAE04EC0-301F-11D3-BF4B-00C04F79EFBC}") = "WinFormsApp2", "WinFormsApp2\WinFormsApp2.csproj", "{804A1BA2-E269-4DA3-85A2-F6DE1D949027}"
EndProject
Global
	GlobalSection(SolutionConfigurationPlatforms) = preSolution
		Debug|Any CPU = Debug|Any CPU
		Release|Any CPU = Release|Any CPU
	EndGlobalSection
	GlobalSection(ProjectConfigurationPlatforms) = postSolution
		{804A1BA2-E269-4DA3-85A2-F6DE1D949027}.Debug|Any CPU.ActiveCfg = Debug|Any CPU
		{804A1BA2-E269-4DA3-85A2-F6DE1D949027}.Debug|Any CPU.Build.0 = Debug|Any CPU
		{804A1BA2-E269-4DA3-85A2-F6DE1D949027}.Release|Any CPU.ActiveCfg = Release|Any CPU
		{804A1BA2-E269-4DA3-85A2-F6DE1D949027}.Release|Any CPU.Build.0 = Release|Any CPU
	EndGlobalSection
	GlobalSection(SolutionProperties) = preSolution
		HideSolutionNode = FALSE
	EndGlobalSection
	GlobalSection(ExtensibilityGlobals) = postSolution
		SolutionGuid = {05BF6F91-4690-4C84-9A9B-59016D8E14C9}
	EndGlobalSection
EndGlobal
